
Microsoft Visual Studio Solution File, Format Version 12.00
Project("{FAE04EC0-301F-11D3-BF4B-00C04F79EFBC}") = "Swapfiets.TheftInspector.WebApi", "Swapfiets.TheftInspector.WebApi\Swapfiets.TheftInspector.WebApi.csproj", "{DEFB5AE8-7B77-4DD2-935B-891AE375A05D}"
EndProject
Project("{FAE04EC0-301F-11D3-BF4B-00C04F79EFBC}") = "Swapfiets.TheftInspector.BikeIndexAdapter", "Swapfiets.TheftInspector.BikeIndexAdapter\Swapfiets.TheftInspector.BikeIndexAdapter.csproj", "{D479D3D9-C9DD-4F8F-84D4-782DEA227E1E}"
EndProject
Global
	GlobalSection(SolutionConfigurationPlatforms) = preSolution
		Debug|Any CPU = Debug|Any CPU
		Release|Any CPU = Release|Any CPU
	EndGlobalSection
	GlobalSection(ProjectConfigurationPlatforms) = postSolution
		{DEFB5AE8-7B77-4DD2-935B-891AE375A05D}.Debug|Any CPU.ActiveCfg = Debug|Any CPU
		{DEFB5AE8-7B77-4DD2-935B-891AE375A05D}.Debug|Any CPU.Build.0 = Debug|Any CPU
		{DEFB5AE8-7B77-4DD2-935B-891AE375A05D}.Release|Any CPU.ActiveCfg = Release|Any CPU
		{DEFB5AE8-7B77-4DD2-935B-891AE375A05D}.Release|Any CPU.Build.0 = Release|Any CPU
		{D479D3D9-C9DD-4F8F-84D4-782DEA227E1E}.Debug|Any CPU.ActiveCfg = Debug|Any CPU
		{D479D3D9-C9DD-4F8F-84D4-782DEA227E1E}.Debug|Any CPU.Build.0 = Debug|Any CPU
		{D479D3D9-C9DD-4F8F-84D4-782DEA227E1E}.Release|Any CPU.ActiveCfg = Release|Any CPU
		{D479D3D9-C9DD-4F8F-84D4-782DEA227E1E}.Release|Any CPU.Build.0 = Release|Any CPU
	EndGlobalSection
EndGlobal
